Microsoft Visual Studio Solution File, Format Version 12.00
# Visual Studio Version 17
VisualStudioVersion = 17.5.2.0
MinimumVisualStudioVersion = 10.0.40219.1
Project("{FAE04EC0-301F-11D3-BF4B-00C04F79EFBC}") = "CustomGameEngine", "CustomGameEngine\CustomGameEngine.csproj", "{82A5F743-6533-296A-5A2C-30260133DAC4}"
EndProject
Project("{FAE04EC0-301F-11D3-BF4B-00C04F79EFBC}") = "MonoGameLibrary", "MonoGameLibrary\MonoGameLibrary.csproj", "{136C3C93-6D14-C06D-3DBE-468E75475147}"
EndProject
Global
	GlobalSection(SolutionConfigurationPlatforms) = preSolution
		Debug|Any CPU = Debug|Any CPU
		Release|Any CPU = Release|Any CPU
	EndGlobalSection
	GlobalSection(ProjectConfigurationPlatforms) = postSolution
		{82A5F743-6533-296A-5A2C-30260133DAC4}.Debug|Any CPU.ActiveCfg = Debug|Any CPU
		{82A5F743-6533-296A-5A2C-30260133DAC4}.Debug|Any CPU.Build.0 = Debug|Any CPU
		{82A5F743-6533-296A-5A2C-30260133DAC4}.Release|Any CPU.ActiveCfg = Release|Any CPU
		{82A5F743-6533-296A-5A2C-30260133DAC4}.Release|Any CPU.Build.0 = Release|Any CPU
		{136C3C93-6D14-C06D-3DBE-468E75475147}.Debug|Any CPU.ActiveCfg = Debug|Any CPU
		{136C3C93-6D14-C06D-3DBE-468E75475147}.Debug|Any CPU.Build.0 = Debug|Any CPU
		{136C3C93-6D14-C06D-3DBE-468E75475147}.Release|Any CPU.ActiveCfg = Release|Any CPU
		{136C3C93-6D14-C06D-3DBE-468E75475147}.Release|Any CPU.Build.0 = Release|Any CPU
	EndGlobalSection
	GlobalSection(SolutionProperties) = preSolution
		HideSolutionNode = FALSE
	EndGlobalSection
	GlobalSection(ExtensibilityGlobals) = postSolution
		SolutionGuid = {72C5815F-8A7C-4260-8CA4-DDB92F83A5BD}
	EndGlobalSection
EndGlobal
